
Microsoft Visual Studio Solution File, Format Version 12.00
# Visual Studio 14
VisualStudioVersion = 14.0.25123.0
MinimumVisualStudioVersion = 10.0.40219.1
Project("{FAE04EC0-301F-11D3-BF4B-00C04F79EFBC}") = "KendoUIApp2", "KendoUIApp2\KendoUIApp2.csproj", "{00F6E14A-2F07-488B-950B-B6D9A25E82BE}"
EndProject
Project("{FAE04EC0-301F-11D3-BF4B-00C04F79EFBC}") = "KendoUIApp2Tests", "KendoUIApp2Tests\KendoUIApp2Tests.csproj", "{B0095DD1-5D0D-475C-9E27-75D203452B1F}"
EndProject
Global
	GlobalSection(SolutionConfigurationPlatforms) = preSolution
		Debug|Any CPU = Debug|Any CPU
		Release|Any CPU = Release|Any CPU
	EndGlobalSection
	GlobalSection(ProjectConfigurationPlatforms) = postSolution
		{00F6E14A-2F07-488B-950B-B6D9A25E82BE}.Debug|Any CPU.ActiveCfg = Debug|Any CPU
		{00F6E14A-2F07-488B-950B-B6D9A25E82BE}.Debug|Any CPU.Build.0 = Debug|Any CPU
		{00F6E14A-2F07-488B-950B-B6D9A25E82BE}.Release|Any CPU.ActiveCfg = Release|Any CPU
		{00F6E14A-2F07-488B-950B-B6D9A25E82BE}.Release|Any CPU.Build.0 = Release|Any CPU
		{B0095DD1-5D0D-475C-9E27-75D203452B1F}.Debug|Any CPU.ActiveCfg = Debug|Any CPU
		{B0095DD1-5D0D-475C-9E27-75D203452B1F}.Debug|Any CPU.Build.0 = Debug|Any CPU
		{B0095DD1-5D0D-475C-9E27-75D203452B1F}.Release|Any CPU.ActiveCfg = Release|Any CPU
		{B0095DD1-5D0D-475C-9E27-75D203452B1F}.Release|Any CPU.Build.0 = Release|Any CPU
	EndGlobalSection
	GlobalSection(SolutionProperties) = preSolution
		HideSolutionNode = FALSE
	EndGlobalSection
EndGlobal
